{
  "name": "douyin-comment-message-tool",
  "lockfileVersion": 3,
  "requires": true,
  "packages": {
    "": {
      "name": "douyin-comment-message-tool",
      "dependencies": {
        "jsrsasign": "^11.1.0"
      }
    },
    "node_modules/jsrsasign": {
      "version": "11.1.3",
      "resolved": "https://registry.npmmirror.com/jsrsasign/-/jsrsasign-11.1.3.tgz",
      "integrity": "sha512-nPnK5D/4lv0Dwr7TlzrKtAd8JlLZwFTqTUUB3NQCbtdobcRcohGFxjbPySDVh74iWUudcCsapYT6OxoyhJLhhA==",
      "license": "MIT"
    }
  }
}
